
Microsoft Visual Studio Solution File, Format Version 12.00
# Visual Studio Version 17
VisualStudioVersion = 17.9.34622.214
MinimumVisualStudioVersion = 10.0.40219.1
Project("{FAE04EC0-301F-11D3-BF4B-00C04F79EFBC}") = "Seminar4", "Seminar4\Seminar4.csproj", "{C792E6A4-A08C-490F-B9EF-F9D503D40F95}"
EndProject
Global
	GlobalSection(SolutionConfigurationPlatforms) = preSolution
		Debug|Any CPU = Debug|Any CPU
		Release|Any CPU = Release|Any CPU
	EndGlobalSection
	GlobalSection(ProjectConfigurationPlatforms) = postSolution
		{C792E6A4-A08C-490F-B9EF-F9D503D40F95}.Debug|Any CPU.ActiveCfg = Debug|Any CPU
		{C792E6A4-A08C-490F-B9EF-F9D503D40F95}.Debug|Any CPU.Build.0 = Debug|Any CPU
		{C792E6A4-A08C-490F-B9EF-F9D503D40F95}.Release|Any CPU.ActiveCfg = Release|Any CPU
		{C792E6A4-A08C-490F-B9EF-F9D503D40F95}.Release|Any CPU.Build.0 = Release|Any CPU
	EndGlobalSection
	GlobalSection(SolutionProperties) = preSolution
		HideSolutionNode = FALSE
	EndGlobalSection
	GlobalSection(ExtensibilityGlobals) = postSolution
		SolutionGuid = {98E1710A-A901-41E6-8F43-EF717E32183C}
	EndGlobalSection
EndGlobal
